
Microsoft Visual Studio Solution File, Format Version 12.00
# Visual Studio Version 17
VisualStudioVersion = 17.3.32819.101
MinimumVisualStudioVersion = 10.0.40219.1
Project("{FAE04EC0-301F-11D3-BF4B-00C04F79EFBC}") = "TowersOfHanoi", "TowersOfHanoi.csproj", "{8A1CE7DE-224B-46C6-BD22-FA8E2422BDB8}"
EndProject
Global
	GlobalSection(SolutionConfigurationPlatforms) = preSolution
		Debug|Any CPU = Debug|Any CPU
		Release|Any CPU = Release|Any CPU
	EndGlobalSection
	GlobalSection(ProjectConfigurationPlatforms) = postSolution
		{8A1CE7DE-224B-46C6-BD22-FA8E2422BDB8}.Debug|Any CPU.ActiveCfg = Debug|Any CPU
		{8A1CE7DE-224B-46C6-BD22-FA8E2422BDB8}.Debug|Any CPU.Build.0 = Debug|Any CPU
		{8A1CE7DE-224B-46C6-BD22-FA8E2422BDB8}.Release|Any CPU.ActiveCfg = Release|Any CPU
		{8A1CE7DE-224B-46C6-BD22-FA8E2422BDB8}.Release|Any CPU.Build.0 = Release|Any CPU
	EndGlobalSection
	GlobalSection(SolutionProperties) = preSolution
		HideSolutionNode = FALSE
	EndGlobalSection
	GlobalSection(ExtensibilityGlobals) = postSolution
		SolutionGuid = {9EEE7762-CA49-4687-83B2-E1D19ED36BF3}
	EndGlobalSection
EndGlobal
