
Microsoft Visual Studio Solution File, Format Version 12.00
# Visual Studio Version 17
VisualStudioVersion = 17.3.32819.101
MinimumVisualStudioVersion = 10.0.40219.1
Project("{FAE04EC0-301F-11D3-BF4B-00C04F79EFBC}") = "Charles_Assignment1", "Charles_Assignment1.csproj", "{30C6190A-FA4A-47D0-A4CD-2BFAC48FC806}"
EndProject
Global
	GlobalSection(SolutionConfigurationPlatforms) = preSolution
		Debug|Any CPU = Debug|Any CPU
		Release|Any CPU = Release|Any CPU
	EndGlobalSection
	GlobalSection(ProjectConfigurationPlatforms) = postSolution
		{30C6190A-FA4A-47D0-A4CD-2BFAC48FC806}.Debug|Any CPU.ActiveCfg = Debug|Any CPU
		{30C6190A-FA4A-47D0-A4CD-2BFAC48FC806}.Debug|Any CPU.Build.0 = Debug|Any CPU
		{30C6190A-FA4A-47D0-A4CD-2BFAC48FC806}.Release|Any CPU.ActiveCfg = Release|Any CPU
		{30C6190A-FA4A-47D0-A4CD-2BFAC48FC806}.Release|Any CPU.Build.0 = Release|Any CPU
	EndGlobalSection
	GlobalSection(SolutionProperties) = preSolution
		HideSolutionNode = FALSE
	EndGlobalSection
	GlobalSection(ExtensibilityGlobals) = postSolution
		SolutionGuid = {C3D3FC26-7CD9-4492-A02B-1F31BC98BE4C}
	EndGlobalSection
EndGlobal
