
Microsoft Visual Studio Solution File, Format Version 12.00
# Visual Studio Version 17
VisualStudioVersion = 17.3.32819.101
MinimumVisualStudioVersion = 10.0.40219.1
Project("{FAE04EC0-301F-11D3-BF4B-00C04F79EFBC}") = "Charles_Assignment3", "Charles_Assignment3.csproj", "{939B3D77-6459-42E0-9AF9-4C62EFD9E05D}"
EndProject
Global
	GlobalSection(SolutionConfigurationPlatforms) = preSolution
		Debug|Any CPU = Debug|Any CPU
		Release|Any CPU = Release|Any CPU
	EndGlobalSection
	GlobalSection(ProjectConfigurationPlatforms) = postSolution
		{939B3D77-6459-42E0-9AF9-4C62EFD9E05D}.Debug|Any CPU.ActiveCfg = Debug|Any CPU
		{939B3D77-6459-42E0-9AF9-4C62EFD9E05D}.Debug|Any CPU.Build.0 = Debug|Any CPU
		{939B3D77-6459-42E0-9AF9-4C62EFD9E05D}.Release|Any CPU.ActiveCfg = Release|Any CPU
		{939B3D77-6459-42E0-9AF9-4C62EFD9E05D}.Release|Any CPU.Build.0 = Release|Any CPU
	EndGlobalSection
	GlobalSection(SolutionProperties) = preSolution
		HideSolutionNode = FALSE
	EndGlobalSection
	GlobalSection(ExtensibilityGlobals) = postSolution
		SolutionGuid = {645D017E-1B0E-4CA1-A22F-72586185DE93}
	EndGlobalSection
EndGlobal
