
Microsoft Visual Studio Solution File, Format Version 12.00
# Visual Studio Version 17
VisualStudioVersion = 17.3.32901.215
MinimumVisualStudioVersion = 10.0.40219.1
Project("{FAE04EC0-301F-11D3-BF4B-00C04F79EFBC}") = "Charles_Assignment5", "Charles_Assignment5.csproj", "{74C250E5-5DB9-4853-85FE-77E229A4CD16}"
EndProject
Global
	GlobalSection(SolutionConfigurationPlatforms) = preSolution
		Debug|Any CPU = Debug|Any CPU
		Release|Any CPU = Release|Any CPU
	EndGlobalSection
	GlobalSection(ProjectConfigurationPlatforms) = postSolution
		{74C250E5-5DB9-4853-85FE-77E229A4CD16}.Debug|Any CPU.ActiveCfg = Debug|Any CPU
		{74C250E5-5DB9-4853-85FE-77E229A4CD16}.Debug|Any CPU.Build.0 = Debug|Any CPU
		{74C250E5-5DB9-4853-85FE-77E229A4CD16}.Release|Any CPU.ActiveCfg = Release|Any CPU
		{74C250E5-5DB9-4853-85FE-77E229A4CD16}.Release|Any CPU.Build.0 = Release|Any CPU
	EndGlobalSection
	GlobalSection(SolutionProperties) = preSolution
		HideSolutionNode = FALSE
	EndGlobalSection
	GlobalSection(ExtensibilityGlobals) = postSolution
		SolutionGuid = {15D88BB6-7985-448C-A074-F66A2B67EE56}
	EndGlobalSection
EndGlobal
