
Microsoft Visual Studio Solution File, Format Version 12.00
# Visual Studio Version 17
VisualStudioVersion = 17.3.32901.215
MinimumVisualStudioVersion = 10.0.40219.1
Project("{FAE04EC0-301F-11D3-BF4B-00C04F79EFBC}") = "Charles_MidTerm_Election_Program", "Charles_MidTerm_Election_Program.csproj", "{BC94FCD2-8D18-4EE5-BC57-4096D0353DB4}"
EndProject
Global
	GlobalSection(SolutionConfigurationPlatforms) = preSolution
		Debug|Any CPU = Debug|Any CPU
		Release|Any CPU = Release|Any CPU
	EndGlobalSection
	GlobalSection(ProjectConfigurationPlatforms) = postSolution
		{BC94FCD2-8D18-4EE5-BC57-4096D0353DB4}.Debug|Any CPU.ActiveCfg = Debug|Any CPU
		{BC94FCD2-8D18-4EE5-BC57-4096D0353DB4}.Debug|Any CPU.Build.0 = Debug|Any CPU
		{BC94FCD2-8D18-4EE5-BC57-4096D0353DB4}.Release|Any CPU.ActiveCfg = Release|Any CPU
		{BC94FCD2-8D18-4EE5-BC57-4096D0353DB4}.Release|Any CPU.Build.0 = Release|Any CPU
	EndGlobalSection
	GlobalSection(SolutionProperties) = preSolution
		HideSolutionNode = FALSE
	EndGlobalSection
	GlobalSection(ExtensibilityGlobals) = postSolution
		SolutionGuid = {FA9F8DD7-B580-459F-990D-5D33454AF4FF}
	EndGlobalSection
EndGlobal
