
Microsoft Visual Studio Solution File, Format Version 12.00
# Visual Studio Version 17
VisualStudioVersion = 17.3.32819.101
MinimumVisualStudioVersion = 10.0.40219.1
Project("{FAE04EC0-301F-11D3-BF4B-00C04F79EFBC}") = "Charles_Assignment2", "Charles_Assignment2.csproj", "{0F2AD61A-25FB-4C54-A617-425A0FC86051}"
EndProject
Global
	GlobalSection(SolutionConfigurationPlatforms) = preSolution
		Debug|Any CPU = Debug|Any CPU
		Release|Any CPU = Release|Any CPU
	EndGlobalSection
	GlobalSection(ProjectConfigurationPlatforms) = postSolution
		{0F2AD61A-25FB-4C54-A617-425A0FC86051}.Debug|Any CPU.ActiveCfg = Debug|Any CPU
		{0F2AD61A-25FB-4C54-A617-425A0FC86051}.Debug|Any CPU.Build.0 = Debug|Any CPU
		{0F2AD61A-25FB-4C54-A617-425A0FC86051}.Release|Any CPU.ActiveCfg = Release|Any CPU
		{0F2AD61A-25FB-4C54-A617-425A0FC86051}.Release|Any CPU.Build.0 = Release|Any CPU
	EndGlobalSection
	GlobalSection(SolutionProperties) = preSolution
		HideSolutionNode = FALSE
	EndGlobalSection
	GlobalSection(ExtensibilityGlobals) = postSolution
		SolutionGuid = {ABF886DB-06B4-45CA-82DD-02CAB9EAB4B9}
	EndGlobalSection
EndGlobal
