
Microsoft Visual Studio Solution File, Format Version 12.00
# Visual Studio Version 17
VisualStudioVersion = 17.3.32929.385
MinimumVisualStudioVersion = 10.0.40219.1
Project("{FAE04EC0-301F-11D3-BF4B-00C04F79EFBC}") = "Charles_Assignment7", "Charles_Assignment7.csproj", "{395CAA7A-09E8-4EB2-9125-350D1C4891E2}"
EndProject
Global
	GlobalSection(SolutionConfigurationPlatforms) = preSolution
		Debug|Any CPU = Debug|Any CPU
		Release|Any CPU = Release|Any CPU
	EndGlobalSection
	GlobalSection(ProjectConfigurationPlatforms) = postSolution
		{395CAA7A-09E8-4EB2-9125-350D1C4891E2}.Debug|Any CPU.ActiveCfg = Debug|Any CPU
		{395CAA7A-09E8-4EB2-9125-350D1C4891E2}.Debug|Any CPU.Build.0 = Debug|Any CPU
		{395CAA7A-09E8-4EB2-9125-350D1C4891E2}.Release|Any CPU.ActiveCfg = Release|Any CPU
		{395CAA7A-09E8-4EB2-9125-350D1C4891E2}.Release|Any CPU.Build.0 = Release|Any CPU
	EndGlobalSection
	GlobalSection(SolutionProperties) = preSolution
		HideSolutionNode = FALSE
	EndGlobalSection
	GlobalSection(ExtensibilityGlobals) = postSolution
		SolutionGuid = {8B36CEF0-59F7-4F9C-938D-CD941721FE41}
	EndGlobalSection
EndGlobal
